{
  "version": "3",
  "redirects": {
    "https://deno.land/std/http/server.ts": "https://deno.land/std@0.175.0/http/server.ts",
    "https://deno.land/x/csv/mod.ts": "https://deno.land/x/csv@v0.8.0/mod.ts",
    "https://deno.land/x/telegram_bot_api/mod.ts": "https://deno.land/x/telegram_bot_api@0.4.0/mod.ts"
  },
  "remote": {
    "https://deno.land/std@0.164.0/_util/asserts.ts": "d0844e9b62510f89ce1f9878b046f6a57bf88f208a10304aab50efcb48365272",
    "https://deno.land/std@0.164.0/bytes/bytes_list.ts": "aba5e2369e77d426b10af1de0dcc4531acecec27f9b9056f4f7bfbf8ac147ab4",
    "https://deno.land/std@0.164.0/bytes/equals.ts": "3c3558c3ae85526f84510aa2b48ab2ad7bdd899e2e0f5b7a8ffc85acb3a6043a",
    "https://deno.land/std@0.164.0/bytes/mod.ts": "b2e342fd3669176a27a4e15061e9d588b89c1aaf5008ab71766e23669565d179",
    "https://deno.land/std@0.164.0/fmt/colors.ts": "9e36a716611dcd2e4865adea9c4bec916b5c60caad4cdcdc630d4974e6bb8bd4",
    "https://deno.land/std@0.164.0/fs/exists.ts": "6a447912e49eb79cc640adacfbf4b0baf8e17ede6d5bed057062ce33c4fa0d68",
    "https://deno.land/std@0.164.0/io/buffer.ts": "245f1762a949082ddc0a6e9b15589d0be2d29c150266decd04320b8a8318f9f6",
    "https://deno.land/std@0.164.0/io/types.d.ts": "107e1e64834c5ba917c783f446b407d33432c5d612c4b3430df64fc2b4ecf091",
    "https://deno.land/std@0.164.0/log/handlers.ts": "61ab932822ba268ad42b25de6f0014892fe469df7627b14245ad32db6fd8b54d",
    "https://deno.land/std@0.164.0/log/levels.ts": "82c965b90f763b5313e7595d4ba78d5095a13646d18430ebaf547526131604d1",
    "https://deno.land/std@0.164.0/log/logger.ts": "b545159727b023825ee6814d9178fb2a7472f8d95d704c253b771b95c658cf8c",
    "https://deno.land/std@0.164.0/log/mod.ts": "90618a3fdbb4520ed4e7d960665322a3dbfc107eebb3345fe0f36c8c8a7b7962",
    "https://deno.land/std@0.164.0/streams/conversion.ts": "555c6c249f3acf85655f2d0af52d1cb3168e40b1c1fa26beefea501b333abe28",
    "https://deno.land/std@0.174.0/fmt/colors.ts": "938c5d44d889fb82eff6c358bea8baa7e85950a16c9f6dae3ec3a7a729164471",
    "https://deno.land/std@0.174.0/testing/_diff.ts": "1a3c044aedf77647d6cac86b798c6417603361b66b54c53331b312caeb447aea",
    "https://deno.land/std@0.174.0/testing/_format.ts": "a69126e8a469009adf4cf2a50af889aca364c349797e63174884a52ff75cf4c7",
    "https://deno.land/std@0.174.0/testing/asserts.ts": "984ab0bfb3faeed92ffaa3a6b06536c66811185328c5dd146257c702c41b01ab",
    "https://deno.land/std@0.175.0/async/abortable.ts": "73acfb3ed7261ce0d930dbe89e43db8d34e017b063cf0eaa7d215477bf53442e",
    "https://deno.land/std@0.175.0/async/deadline.ts": "b98e50d2c42399af03ad13bbb8cf59dadb9f0cd5d70648cc0c3b9202d75ab565",
    "https://deno.land/std@0.175.0/async/debounce.ts": "adab11d04ca38d699444ac8a9d9856b4155e8dda2afd07ce78276c01ea5a4332",
    "https://deno.land/std@0.175.0/async/deferred.ts": "42790112f36a75a57db4a96d33974a936deb7b04d25c6084a9fa8a49f135def8",
    "https://deno.land/std@0.175.0/async/delay.ts": "73aa04cec034c84fc748c7be49bb15cac3dd43a57174bfdb7a4aec22c248f0dd",
    "https://deno.land/std@0.175.0/async/mod.ts": "f04344fa21738e5ad6bea37a6bfffd57c617c2d372bb9f9dcfd118a1b622e576",
    "https://deno.land/std@0.175.0/async/mux_async_iterator.ts": "70c7f2ee4e9466161350473ad61cac0b9f115cff4c552eaa7ef9d50c4cbb4cc9",
    "https://deno.land/std@0.175.0/async/pool.ts": "fd082bd4aaf26445909889435a5c74334c017847842ec035739b4ae637ae8260",
    "https://deno.land/std@0.175.0/async/retry.ts": "5efa3ba450ac0c07a40a82e2df296287b5013755d232049efd7ea2244f15b20f",
    "https://deno.land/std@0.175.0/async/tee.ts": "47e42d35f622650b02234d43803d0383a89eb4387e1b83b5a40106d18ae36757",
    "https://deno.land/std@0.175.0/http/server.ts": "cbb17b594651215ba95c01a395700684e569c165a567e4e04bba327f41197433",
    "https://deno.land/x/csv@v0.8.0/deps.ts": "597e3d0c81eca1c519ce20f0a7ed573d31cfbb5625c5013763550d717ba69dfa",
    "https://deno.land/x/csv@v0.8.0/mod.ts": "2a13285c8716257aa5d6b5021d45c74dcb275eaaa46776106ddf78b071cabd88",
    "https://deno.land/x/csv@v0.8.0/reader.ts": "ad6543223f8d1c17c78b18dbaa464c3d81f7a0970b08aa5fbde9eb48e2a680d1",
    "https://deno.land/x/csv@v0.8.0/utils.ts": "7f2467acb031244c150774b9d6caa5e8c40f9857031a947c6ad20765c5d7bd20",
    "https://deno.land/x/csv@v0.8.0/writer.ts": "18a46b755cc215695862d3a896b3a7b24b33cb7ee626cbebeb7138193cb7edcf",
    "https://deno.land/x/telegram_bot_api@0.4.0/mod.ts": "18291c9e4f6b1be988b16554529f229cb709acc623083ffad24746b31a9426dd",
    "https://deno.land/x/telegram_bot_api@0.4.0/src/telegram-bot/run-params.ts": "d9084fa1c9390f3f72554e109973746261160cd7c5e75781f952c90299e7fba5",
    "https://deno.land/x/telegram_bot_api@0.4.0/src/telegram-bot/telegram-api.ts": "40567316b349e3999120638f108ad3be509d58eecf64aeed1d9f31c8624f239a",
    "https://deno.land/x/telegram_bot_api@0.4.0/src/telegram-bot/telegram-bot.ts": "6acb2bfef4aa668c9d4575dd6490ab933f6541116cce0b5d29c88c6b6441bf0f",
    "https://deno.land/x/telegram_bot_api@0.4.0/src/telegram-bot/utils.ts": "7846c7729bfa5eb4d7c73e7db85f00f8e9e12b5b729915ec7a4e53df8a40d8b2",
    "https://deno.land/x/telegram_bot_api@0.4.0/src/types/common/methods.ts": "501f6611a0bb925231f0855422aa5b3285382898ea83f571073a1769aff0c682",
    "https://deno.land/x/telegram_bot_api@0.4.0/src/types/common/objects.ts": "221d706845731820a8ba1150a34a9eecec83ee333c6034ba1a8a0ae60ab08a53",
    "https://deno.land/x/telegram_bot_api@0.4.0/src/types/games/methods.ts": "dadda90ed6e5038f935e659e63a34b887a92516d05d4b9c7abe977d7c8539454",
    "https://deno.land/x/telegram_bot_api@0.4.0/src/types/games/objects.ts": "0aa122dd6d6f31e4ab9cddf64006a57f144248abeef871b8686266e8429d0aec",
    "https://deno.land/x/telegram_bot_api@0.4.0/src/types/getting-updates/methods.ts": "7280f2f64bb8228842333c555702c37a2f156c7a8cde4719d72cf3ff706fc47a",
    "https://deno.land/x/telegram_bot_api@0.4.0/src/types/getting-updates/objects.ts": "bfe7fe9d44e2dff077c4d45ccdb8a81297da1bc43fff1b7f47386c87c6cfc0ff",
    "https://deno.land/x/telegram_bot_api@0.4.0/src/types/getting-updates/update-helpers.ts": "9b9098777853d3204432036bd4e3582fb7de5a1608da1350d184204e1b6da0fb",
    "https://deno.land/x/telegram_bot_api@0.4.0/src/types/inline-mode/methods.ts": "37a3ac02ac3bee90cbd140bf9983e0dde732e8558b75cc9d15146ad842d75c29",
    "https://deno.land/x/telegram_bot_api@0.4.0/src/types/inline-mode/objects.ts": "a009f9950e0416881ea96438290f1986d7e749a5ff819a59f148cbf33176e24b",
    "https://deno.land/x/telegram_bot_api@0.4.0/src/types/method.ts": "534c634a47ef9fc1938adb520edc0a1a8b0682eb31214b478e13fc733b03b2cb",
    "https://deno.land/x/telegram_bot_api@0.4.0/src/types/passport/methods.ts": "6b5d5350ca66faa3d31f6951b0a0c92d36b8769ae4cd0717a5208b55dc72adef",
    "https://deno.land/x/telegram_bot_api@0.4.0/src/types/passport/objects.ts": "e5a52273d0aef44241c2bcd949ce02952b491ba4730b361aaed3ac4260c1e81b",
    "https://deno.land/x/telegram_bot_api@0.4.0/src/types/payments/methods.ts": "da927afe1df2c1d7f94c63798fd2f5702abedc81f6060b1b8f7182ade2312878",
    "https://deno.land/x/telegram_bot_api@0.4.0/src/types/payments/objects.ts": "1662eded016088c152aaa86f6ebd034de05820c1e4a29ef9f2043b3b8f3903da",
    "https://deno.land/x/telegram_bot_api@0.4.0/src/types/stickers/methods.ts": "df0a90b774d7eb2a0e0c4f3393bc5748d28fe7ed5217a199f889c869b34922d7",
    "https://deno.land/x/telegram_bot_api@0.4.0/src/types/stickers/objects.ts": "4ab96a775a114d143b18ef1576d198e4e8d1067309cf6425e93f042d28ba52d4",
    "https://deno.land/x/telegram_bot_api@0.4.0/src/types/updating-messages/methods.ts": "7f1789b1d86b8f0b14cf36ebf04fd4f9eb5ed2054a98b4b53cee2cb384441b07",
    "https://deno.land/x/telegram_bot_api@0.4.0/src/types/utils.ts": "2fa0f1e44e45e21e4b160ee8a9d24e2c821796c6d2721a13a2b6378fa710a4e5",
    "https://deno.land/x/telegram_bot_api@0.4.0/src/updates-strategy/polling.ts": "c1cf7c81f7ab07ed27476acad13e5960395a16f0d9c29aa0939b71ffb139198b",
    "https://deno.land/x/telegram_bot_api@0.4.0/src/updates-strategy/updates-strategy.ts": "880e174bf9ac56d6893cb2a4e5935f98e56993598b7059ef07cbc481b456532d",
    "https://deno.land/x/telegram_bot_api@0.4.0/src/updates-strategy/webhook-server.ts": "12f627e63bc648aa1a9bb160aaac589519d7962f4b8f9420d7b7e6ca387e3fb1"
  }
}
